
Microsoft Visual Studio Solution File, Format Version 12.00
# Visual Studio Version 17
VisualStudioVersion = 17.14.36202.13
MinimumVisualStudioVersion = 10.0.40219.1
Project("{FAE04EC0-301F-11D3-BF4B-00C04F79EFBC}") = "MultiFormatDataConverter", "MultiFormatDataConverter\MultiFormatDataConverter.csproj", "{88103C5E-F2E8-4FBF-B58B-3261BEF2985D}"
EndProject
Project("{FAE04EC0-301F-11D3-BF4B-00C04F79EFBC}") = "_build", "build\_build.csproj", "{3E474C99-B896-4C55-83A9-9128465E0197}"
EndProject
Project("{FAE04EC0-301F-11D3-BF4B-00C04F79EFBC}") = "MultiFormatDataConverter.UnitTest", "MultiFormatDataConverter.UnitTest\MultiFormatDataConverter.UnitTest.csproj", "{DF3B45BA-A1D2-4620-AFE0-4B2E6731DEA3}"
EndProject
Project("{2150E333-8FDC-42A3-9474-1A3956D46DE8}") = "Solution Items", "Solution Items", "{02EA681E-C7D8-13C7-8484-4AC65E1B71E8}"
	ProjectSection(SolutionItems) = preProject
		.editorconfig = .editorconfig
	EndProjectSection
EndProject
Global
	GlobalSection(SolutionConfigurationPlatforms) = preSolution
		Debug|Any CPU = Debug|Any CPU
		Debug|x64 = Debug|x64
		Debug|x86 = Debug|x86
		Release|Any CPU = Release|Any CPU
		Release|x64 = Release|x64
		Release|x86 = Release|x86
	EndGlobalSection
	GlobalSection(ProjectConfigurationPlatforms) = postSolution
		{88103C5E-F2E8-4FBF-B58B-3261BEF2985D}.Debug|Any CPU.ActiveCfg = Debug|Any CPU
		{88103C5E-F2E8-4FBF-B58B-3261BEF2985D}.Debug|Any CPU.Build.0 = Debug|Any CPU
		{88103C5E-F2E8-4FBF-B58B-3261BEF2985D}.Debug|x64.ActiveCfg = Debug|Any CPU
		{88103C5E-F2E8-4FBF-B58B-3261BEF2985D}.Debug|x64.Build.0 = Debug|Any CPU
		{88103C5E-F2E8-4FBF-B58B-3261BEF2985D}.Debug|x86.ActiveCfg = Debug|Any CPU
		{88103C5E-F2E8-4FBF-B58B-3261BEF2985D}.Debug|x86.Build.0 = Debug|Any CPU
		{88103C5E-F2E8-4FBF-B58B-3261BEF2985D}.Release|Any CPU.ActiveCfg = Release|Any CPU
		{88103C5E-F2E8-4FBF-B58B-3261BEF2985D}.Release|Any CPU.Build.0 = Release|Any CPU
		{88103C5E-F2E8-4FBF-B58B-3261BEF2985D}.Release|x64.ActiveCfg = Release|Any CPU
		{88103C5E-F2E8-4FBF-B58B-3261BEF2985D}.Release|x64.Build.0 = Release|Any CPU
		{88103C5E-F2E8-4FBF-B58B-3261BEF2985D}.Release|x86.ActiveCfg = Release|Any CPU
		{88103C5E-F2E8-4FBF-B58B-3261BEF2985D}.Release|x86.Build.0 = Release|Any CPU
		{3E474C99-B896-4C55-83A9-9128465E0197}.Debug|Any CPU.ActiveCfg = Debug|Any CPU
		{3E474C99-B896-4C55-83A9-9128465E0197}.Debug|Any CPU.Build.0 = Debug|Any CPU
		{3E474C99-B896-4C55-83A9-9128465E0197}.Debug|x64.ActiveCfg = Debug|Any CPU
		{3E474C99-B896-4C55-83A9-9128465E0197}.Debug|x64.Build.0 = Debug|Any CPU
		{3E474C99-B896-4C55-83A9-9128465E0197}.Debug|x86.ActiveCfg = Debug|Any CPU
		{3E474C99-B896-4C55-83A9-9128465E0197}.Debug|x86.Build.0 = Debug|Any CPU
		{3E474C99-B896-4C55-83A9-9128465E0197}.Release|Any CPU.ActiveCfg = Release|Any CPU
		{3E474C99-B896-4C55-83A9-9128465E0197}.Release|Any CPU.Build.0 = Release|Any CPU
		{3E474C99-B896-4C55-83A9-9128465E0197}.Release|x64.ActiveCfg = Release|Any CPU
		{3E474C99-B896-4C55-83A9-9128465E0197}.Release|x64.Build.0 = Release|Any CPU
		{3E474C99-B896-4C55-83A9-9128465E0197}.Release|x86.ActiveCfg = Release|Any CPU
		{3E474C99-B896-4C55-83A9-9128465E0197}.Release|x86.Build.0 = Release|Any CPU
		{DF3B45BA-A1D2-4620-AFE0-4B2E6731DEA3}.Debug|Any CPU.ActiveCfg = Debug|Any CPU
		{DF3B45BA-A1D2-4620-AFE0-4B2E6731DEA3}.Debug|Any CPU.Build.0 = Debug|Any CPU
		{DF3B45BA-A1D2-4620-AFE0-4B2E6731DEA3}.Debug|x64.ActiveCfg = Debug|Any CPU
		{DF3B45BA-A1D2-4620-AFE0-4B2E6731DEA3}.Debug|x64.Build.0 = Debug|Any CPU
		{DF3B45BA-A1D2-4620-AFE0-4B2E6731DEA3}.Debug|x86.ActiveCfg = Debug|Any CPU
		{DF3B45BA-A1D2-4620-AFE0-4B2E6731DEA3}.Debug|x86.Build.0 = Debug|Any CPU
		{DF3B45BA-A1D2-4620-AFE0-4B2E6731DEA3}.Release|Any CPU.ActiveCfg = Release|Any CPU
		{DF3B45BA-A1D2-4620-AFE0-4B2E6731DEA3}.Release|Any CPU.Build.0 = Release|Any CPU
		{DF3B45BA-A1D2-4620-AFE0-4B2E6731DEA3}.Release|x64.ActiveCfg = Release|Any CPU
		{DF3B45BA-A1D2-4620-AFE0-4B2E6731DEA3}.Release|x64.Build.0 = Release|Any CPU
		{DF3B45BA-A1D2-4620-AFE0-4B2E6731DEA3}.Release|x86.ActiveCfg = Release|Any CPU
		{DF3B45BA-A1D2-4620-AFE0-4B2E6731DEA3}.Release|x86.Build.0 = Release|Any CPU
	EndGlobalSection
	GlobalSection(SolutionProperties) = preSolution
		HideSolutionNode = FALSE
	EndGlobalSection
	GlobalSection(ExtensibilityGlobals) = postSolution
		SolutionGuid = {90E007B0-B259-436A-B93B-6C8A825ADA3D}
	EndGlobalSection
EndGlobal
